
Microsoft Visual Studio Solution File, Format Version 12.00
# Visual Studio Version 16
VisualStudioVersion = 16.0.31321.278
MinimumVisualStudioVersion = 10.0.40219.1
Project("{FAE04EC0-301F-11D3-BF4B-00C04F79EFBC}") = "AuthorizationApi", "AuthorizationApi\AuthorizationApi.csproj", "{003C4F84-B1B3-4FC6-86E5-901C0FA05D9F}"
EndProject
Global
	GlobalSection(SolutionConfigurationPlatforms) = preSolution
		Debug|Any CPU = Debug|Any CPU
		Release|Any CPU = Release|Any CPU
	EndGlobalSection
	GlobalSection(ProjectConfigurationPlatforms) = postSolution
		{003C4F84-B1B3-4FC6-86E5-901C0FA05D9F}.Debug|Any CPU.ActiveCfg = Debug|Any CPU
		{003C4F84-B1B3-4FC6-86E5-901C0FA05D9F}.Debug|Any CPU.Build.0 = Debug|Any CPU
		{003C4F84-B1B3-4FC6-86E5-901C0FA05D9F}.Release|Any CPU.ActiveCfg = Release|Any CPU
		{003C4F84-B1B3-4FC6-86E5-901C0FA05D9F}.Release|Any CPU.Build.0 = Release|Any CPU
	EndGlobalSection
	GlobalSection(SolutionProperties) = preSolution
		HideSolutionNode = FALSE
	EndGlobalSection
	GlobalSection(ExtensibilityGlobals) = postSolution
		SolutionGuid = {1E7E21C2-855F-4530-AD19-3E3CE8567B55}
	EndGlobalSection
EndGlobal
